
Microsoft Visual Studio Solution File, Format Version 12.00
Project("{FAE04EC0-301F-11D3-BF4B-00C04F79EFBC}") = "CofrinhoSenha", "CofrinhoSenha\CofrinhoSenha.csproj", "{C0134C58-40CF-4AE0-8889-DBFFCD47AAD3}"
EndProject
Project("{FAE04EC0-301F-11D3-BF4B-00C04F79EFBC}") = "CofrinhoSenha.Tests", "CofrinhoSenha.Tests\CofrinhoSenha.Tests.csproj", "{082CCB3A-75BA-46B9-A377-BD807CD5F43A}"
EndProject
Global
	GlobalSection(SolutionConfigurationPlatforms) = preSolution
		Debug|Any CPU = Debug|Any CPU
		Release|Any CPU = Release|Any CPU
	EndGlobalSection
	GlobalSection(ProjectConfigurationPlatforms) = postSolution
		{C0134C58-40CF-4AE0-8889-DBFFCD47AAD3}.Debug|Any CPU.ActiveCfg = Debug|Any CPU
		{C0134C58-40CF-4AE0-8889-DBFFCD47AAD3}.Debug|Any CPU.Build.0 = Debug|Any CPU
		{C0134C58-40CF-4AE0-8889-DBFFCD47AAD3}.Release|Any CPU.ActiveCfg = Release|Any CPU
		{C0134C58-40CF-4AE0-8889-DBFFCD47AAD3}.Release|Any CPU.Build.0 = Release|Any CPU
		{082CCB3A-75BA-46B9-A377-BD807CD5F43A}.Debug|Any CPU.ActiveCfg = Debug|Any CPU
		{082CCB3A-75BA-46B9-A377-BD807CD5F43A}.Debug|Any CPU.Build.0 = Debug|Any CPU
		{082CCB3A-75BA-46B9-A377-BD807CD5F43A}.Release|Any CPU.ActiveCfg = Release|Any CPU
		{082CCB3A-75BA-46B9-A377-BD807CD5F43A}.Release|Any CPU.Build.0 = Release|Any CPU
	EndGlobalSection
EndGlobal
